
Microsoft Visual Studio Solution File, Format Version 12.00
# Visual Studio Version 16
VisualStudioVersion = 16.0.31702.278
MinimumVisualStudioVersion = 10.0.40219.1
Project("{FAE04EC0-301F-11D3-BF4B-00C04F79EFBC}") = "RandomNumbers", "RandomNumbers.csproj", "{2221220C-D1A3-4E5C-8EA8-FC3FA65F730B}"
EndProject
Global
	GlobalSection(SolutionConfigurationPlatforms) = preSolution
		Debug|Any CPU = Debug|Any CPU
		Release|Any CPU = Release|Any CPU
	EndGlobalSection
	GlobalSection(ProjectConfigurationPlatforms) = postSolution
		{2221220C-D1A3-4E5C-8EA8-FC3FA65F730B}.Debug|Any CPU.ActiveCfg = Debug|Any CPU
		{2221220C-D1A3-4E5C-8EA8-FC3FA65F730B}.Debug|Any CPU.Build.0 = Debug|Any CPU
		{2221220C-D1A3-4E5C-8EA8-FC3FA65F730B}.Release|Any CPU.ActiveCfg = Release|Any CPU
		{2221220C-D1A3-4E5C-8EA8-FC3FA65F730B}.Release|Any CPU.Build.0 = Release|Any CPU
	EndGlobalSection
	GlobalSection(SolutionProperties) = preSolution
		HideSolutionNode = FALSE
	EndGlobalSection
	GlobalSection(ExtensibilityGlobals) = postSolution
		SolutionGuid = {3CC01089-3223-4803-A690-83B94FEBD796}
	EndGlobalSection
EndGlobal
